
Microsoft Visual Studio Solution File, Format Version 12.00
# Visual Studio Version 17
VisualStudioVersion = 17.2.32616.157
MinimumVisualStudioVersion = 10.0.40219.1
Project("{FAE04EC0-301F-11D3-BF4B-00C04F79EFBC}") = "StudentDatabase", "StudentDatabase\StudentDatabase.csproj", "{9DE821DA-083B-478A-8D51-DDA6BC07FE81}"
EndProject
Global
	GlobalSection(SolutionConfigurationPlatforms) = preSolution
		Debug|Any CPU = Debug|Any CPU
		Release|Any CPU = Release|Any CPU
	EndGlobalSection
	GlobalSection(ProjectConfigurationPlatforms) = postSolution
		{9DE821DA-083B-478A-8D51-DDA6BC07FE81}.Debug|Any CPU.ActiveCfg = Debug|Any CPU
		{9DE821DA-083B-478A-8D51-DDA6BC07FE81}.Debug|Any CPU.Build.0 = Debug|Any CPU
		{9DE821DA-083B-478A-8D51-DDA6BC07FE81}.Release|Any CPU.ActiveCfg = Release|Any CPU
		{9DE821DA-083B-478A-8D51-DDA6BC07FE81}.Release|Any CPU.Build.0 = Release|Any CPU
	EndGlobalSection
	GlobalSection(SolutionProperties) = preSolution
		HideSolutionNode = FALSE
	EndGlobalSection
	GlobalSection(ExtensibilityGlobals) = postSolution
		SolutionGuid = {7814526C-0620-49FB-9A65-A1FE137953CE}
	EndGlobalSection
EndGlobal
